
Microsoft Visual Studio Solution File, Format Version 12.00
# Visual Studio 15
VisualStudioVersion = 15.0.27130.2003
MinimumVisualStudioVersion = 10.0.40219.1
Project("{FAE04EC0-301F-11D3-BF4B-00C04F79EFBC}") = "Botify-Workshop", "Botify-Workshop\Botify-Workshop.csproj", "{2CA73D5A-D45A-418E-994D-4AEF5BBA7457}"
EndProject
Project("{FAE04EC0-301F-11D3-BF4B-00C04F79EFBC}") = "botify-workshop-done", "botify-workshop-done\botify-workshop-done.csproj", "{3F99709C-D4C9-4AC5-BA10-C5CD3E1EE778}"
EndProject
Project("{FAE04EC0-301F-11D3-BF4B-00C04F79EFBC}") = "botify-luis", "botify-luis\botify-luis.csproj", "{8DAEA61F-3D1F-4398-A5AB-2E59FED0B1EC}"
EndProject
Global
	GlobalSection(SolutionConfigurationPlatforms) = preSolution
		Debug|Any CPU = Debug|Any CPU
		Release|Any CPU = Release|Any CPU
	EndGlobalSection
	GlobalSection(ProjectConfigurationPlatforms) = postSolution
		{2CA73D5A-D45A-418E-994D-4AEF5BBA7457}.Debug|Any CPU.ActiveCfg = Debug|Any CPU
		{2CA73D5A-D45A-418E-994D-4AEF5BBA7457}.Debug|Any CPU.Build.0 = Debug|Any CPU
		{2CA73D5A-D45A-418E-994D-4AEF5BBA7457}.Release|Any CPU.ActiveCfg = Release|Any CPU
		{2CA73D5A-D45A-418E-994D-4AEF5BBA7457}.Release|Any CPU.Build.0 = Release|Any CPU
		{3F99709C-D4C9-4AC5-BA10-C5CD3E1EE778}.Debug|Any CPU.ActiveCfg = Debug|Any CPU
		{3F99709C-D4C9-4AC5-BA10-C5CD3E1EE778}.Debug|Any CPU.Build.0 = Debug|Any CPU
		{3F99709C-D4C9-4AC5-BA10-C5CD3E1EE778}.Release|Any CPU.ActiveCfg = Release|Any CPU
		{3F99709C-D4C9-4AC5-BA10-C5CD3E1EE778}.Release|Any CPU.Build.0 = Release|Any CPU
		{8DAEA61F-3D1F-4398-A5AB-2E59FED0B1EC}.Debug|Any CPU.ActiveCfg = Debug|Any CPU
		{8DAEA61F-3D1F-4398-A5AB-2E59FED0B1EC}.Debug|Any CPU.Build.0 = Debug|Any CPU
		{8DAEA61F-3D1F-4398-A5AB-2E59FED0B1EC}.Release|Any CPU.ActiveCfg = Release|Any CPU
		{8DAEA61F-3D1F-4398-A5AB-2E59FED0B1EC}.Release|Any CPU.Build.0 = Release|Any CPU
	EndGlobalSection
	GlobalSection(SolutionProperties) = preSolution
		HideSolutionNode = FALSE
	EndGlobalSection
	GlobalSection(ExtensibilityGlobals) = postSolution
		SolutionGuid = {D2C04FDD-825D-4BA7-8F31-F0C84EDC2276}
	EndGlobalSection
EndGlobal
